
Microsoft Visual Studio Solution File, Format Version 12.00
# Visual Studio Version 16
VisualStudioVersion = 16.0.29519.181
MinimumVisualStudioVersion = 10.0.40219.1
Project("{9A19103F-16F7-4668-BE54-9A1E7A4F7556}") = "Helpdesk.Entities", "Helpdesk.Entities\Helpdesk.Entities.csproj", "{4C5DD2C6-4ECD-4812-8BF4-47924B747679}"
EndProject
Project("{9A19103F-16F7-4668-BE54-9A1E7A4F7556}") = "Helpdesk.Data", "Helpdesk.Data\Helpdesk.Data.csproj", "{E586FD5E-453A-4372-A16D-2E743E67D6FA}"
EndProject
Project("{9A19103F-16F7-4668-BE54-9A1E7A4F7556}") = "Helpdesk.Model", "Helpdesk.Model\Helpdesk.Model.csproj", "{46FA62C2-B174-4BF7-97B0-1EDC2580BEAB}"
EndProject
Project("{9A19103F-16F7-4668-BE54-9A1E7A4F7556}") = "Helpdesk.Repository", "Helpdesk.Repository\Helpdesk.Repository.csproj", "{090B045C-3818-421F-AF4F-467350274AF9}"
EndProject
Project("{2150E333-8FDC-42A3-9474-1A3956D46DE8}") = "Management", "Management", "{D09E644D-F4AF-41F7-B0CD-1E3325F64525}"
EndProject
Project("{2150E333-8FDC-42A3-9474-1A3956D46DE8}") = "Services", "Services", "{A3BB66D6-AA56-46CE-BBAA-AC2ECF120F36}"
EndProject
Project("{2150E333-8FDC-42A3-9474-1A3956D46DE8}") = "Repository", "Repository", "{9B2A33E9-835E-4441-8E98-0FA5AECA06D7}"
EndProject
Project("{2150E333-8FDC-42A3-9474-1A3956D46DE8}") = "DAL", "DAL", "{9FFE96D7-74CB-4B88-848A-9554DB46FE7B}"
EndProject
Project("{2150E333-8FDC-42A3-9474-1A3956D46DE8}") = "Model", "Model", "{A6E4902E-3267-4C35-8885-478E4D89794B}"
EndProject
Project("{2150E333-8FDC-42A3-9474-1A3956D46DE8}") = "Utility", "Utility", "{E5D3AFC4-83A0-4B82-946D-FFC6977AF72A}"
EndProject
Project("{2150E333-8FDC-42A3-9474-1A3956D46DE8}") = "Mapper", "Mapper", "{AB0903AB-F141-4952-B369-1F5F5852FF73}"
EndProject
Project("{2150E333-8FDC-42A3-9474-1A3956D46DE8}") = "Infrastructure", "Infrastructure", "{1DEF7D40-6624-4A02-A9A4-4EC2254B0654}"
EndProject
Project("{2150E333-8FDC-42A3-9474-1A3956D46DE8}") = "CrossCutting", "CrossCutting", "{7C69C5FA-77F5-4BF1-A9A8-85BBDAAEAA3A}"
EndProject
Project("{9A19103F-16F7-4668-BE54-9A1E7A4F7556}") = "Helpdesk.Configuration", "Helpdesk.Configuration\Helpdesk.Configuration.csproj", "{780F0F60-E3BF-4CAD-B093-BDDF3FF86C4F}"
EndProject
Project("{9A19103F-16F7-4668-BE54-9A1E7A4F7556}") = "Helpdesk.Diagnostics", "Helpdesk.Diagnostics\Helpdesk.Diagnostics.csproj", "{1802D598-80DB-466C-97CD-235330ED5273}"
EndProject
Project("{9A19103F-16F7-4668-BE54-9A1E7A4F7556}") = "Helpdesk.Security", "Helpdesk.Security\Helpdesk.Security.csproj", "{EE3C98BE-E3B7-402B-AFA6-F88C36024A6E}"
EndProject
Project("{9A19103F-16F7-4668-BE54-9A1E7A4F7556}") = "Helpdesk.Extensions", "Helpdesk.Extensions\Helpdesk.Extensions.csproj", "{02BAD759-0BD3-47B4-B1C8-748004E1003C}"
EndProject
Project("{9A19103F-16F7-4668-BE54-9A1E7A4F7556}") = "Helpdesk.Auditing", "Helpdesk.Auditing\Helpdesk.Auditing.csproj", "{495DCD51-8592-489B-A17A-D2857AECA054}"
EndProject
Project("{9A19103F-16F7-4668-BE54-9A1E7A4F7556}") = "Helpdesk.Cache", "Helpdesk.Cache\Helpdesk.Cache.csproj", "{D96CAAA6-93F7-4463-8B01-AFB069A38CD1}"
EndProject
Project("{9A19103F-16F7-4668-BE54-9A1E7A4F7556}") = "Helpdesk.Logging", "Helpdesk.Logging\Helpdesk.Logging.csproj", "{1D478448-BF36-4EF9-87A7-68EF99976EB8}"
EndProject
Project("{9A19103F-16F7-4668-BE54-9A1E7A4F7556}") = "Helpdesk.Filters", "Helpdesk.Filters\Helpdesk.Filters.csproj", "{6411C1C1-79AE-44F7-829B-E9C71D0E6AC3}"
EndProject
Project("{9A19103F-16F7-4668-BE54-9A1E7A4F7556}") = "Helpdesk.Utility", "Helpdesk.Utility\Helpdesk.Utility.csproj", "{B0AB3BAA-8DF3-4CE5-B240-F7733A59CFDE}"
EndProject
Project("{9A19103F-16F7-4668-BE54-9A1E7A4F7556}") = "Helpdesk.Management", "Helpdesk.Management\Helpdesk.Management.csproj", "{930B1BDA-4AA6-49D0-A1B4-A23273E5479C}"
EndProject
Project("{9A19103F-16F7-4668-BE54-9A1E7A4F7556}") = "Helpdesk.IOC", "Helpdesk.IOC\Helpdesk.IOC.csproj", "{440438DA-D388-43BE-9EEC-02E033ED0B86}"
EndProject
Project("{9A19103F-16F7-4668-BE54-9A1E7A4F7556}") = "Helpdesk.DataMapper", "Helpddesk.DataMapper\Helpdesk.DataMapper.csproj", "{4CDA4C78-DB2E-4655-9B6C-A7A183C737F2}"
EndProject
Project("{9A19103F-16F7-4668-BE54-9A1E7A4F7556}") = "Helpdesk.Services", "Helpdesk.Services\Helpdesk.Services.csproj", "{4CD4579F-EA94-4435-9801-868261F5A099}"
EndProject
Global
	GlobalSection(SolutionConfigurationPlatforms) = preSolution
		Debug|Any CPU = Debug|Any CPU
		Release|Any CPU = Release|Any CPU
	EndGlobalSection
	GlobalSection(ProjectConfigurationPlatforms) = postSolution
		{4C5DD2C6-4ECD-4812-8BF4-47924B747679}.Debug|Any CPU.ActiveCfg = Debug|Any CPU
		{4C5DD2C6-4ECD-4812-8BF4-47924B747679}.Debug|Any CPU.Build.0 = Debug|Any CPU
		{4C5DD2C6-4ECD-4812-8BF4-47924B747679}.Release|Any CPU.ActiveCfg = Release|Any CPU
		{4C5DD2C6-4ECD-4812-8BF4-47924B747679}.Release|Any CPU.Build.0 = Release|Any CPU
		{E586FD5E-453A-4372-A16D-2E743E67D6FA}.Debug|Any CPU.ActiveCfg = Debug|Any CPU
		{E586FD5E-453A-4372-A16D-2E743E67D6FA}.Debug|Any CPU.Build.0 = Debug|Any CPU
		{E586FD5E-453A-4372-A16D-2E743E67D6FA}.Release|Any CPU.ActiveCfg = Release|Any CPU
		{E586FD5E-453A-4372-A16D-2E743E67D6FA}.Release|Any CPU.Build.0 = Release|Any CPU
		{46FA62C2-B174-4BF7-97B0-1EDC2580BEAB}.Debug|Any CPU.ActiveCfg = Debug|Any CPU
		{46FA62C2-B174-4BF7-97B0-1EDC2580BEAB}.Debug|Any CPU.Build.0 = Debug|Any CPU
		{46FA62C2-B174-4BF7-97B0-1EDC2580BEAB}.Release|Any CPU.ActiveCfg = Release|Any CPU
		{46FA62C2-B174-4BF7-97B0-1EDC2580BEAB}.Release|Any CPU.Build.0 = Release|Any CPU
		{090B045C-3818-421F-AF4F-467350274AF9}.Debug|Any CPU.ActiveCfg = Debug|Any CPU
		{090B045C-3818-421F-AF4F-467350274AF9}.Debug|Any CPU.Build.0 = Debug|Any CPU
		{090B045C-3818-421F-AF4F-467350274AF9}.Release|Any CPU.ActiveCfg = Release|Any CPU
		{090B045C-3818-421F-AF4F-467350274AF9}.Release|Any CPU.Build.0 = Release|Any CPU
		{780F0F60-E3BF-4CAD-B093-BDDF3FF86C4F}.Debug|Any CPU.ActiveCfg = Debug|Any CPU
		{780F0F60-E3BF-4CAD-B093-BDDF3FF86C4F}.Debug|Any CPU.Build.0 = Debug|Any CPU
		{780F0F60-E3BF-4CAD-B093-BDDF3FF86C4F}.Release|Any CPU.ActiveCfg = Release|Any CPU
		{780F0F60-E3BF-4CAD-B093-BDDF3FF86C4F}.Release|Any CPU.Build.0 = Release|Any CPU
		{1802D598-80DB-466C-97CD-235330ED5273}.Debug|Any CPU.ActiveCfg = Debug|Any CPU
		{1802D598-80DB-466C-97CD-235330ED5273}.Debug|Any CPU.Build.0 = Debug|Any CPU
		{1802D598-80DB-466C-97CD-235330ED5273}.Release|Any CPU.ActiveCfg = Release|Any CPU
		{1802D598-80DB-466C-97CD-235330ED5273}.Release|Any CPU.Build.0 = Release|Any CPU
		{EE3C98BE-E3B7-402B-AFA6-F88C36024A6E}.Debug|Any CPU.ActiveCfg = Debug|Any CPU
		{EE3C98BE-E3B7-402B-AFA6-F88C36024A6E}.Debug|Any CPU.Build.0 = Debug|Any CPU
		{EE3C98BE-E3B7-402B-AFA6-F88C36024A6E}.Release|Any CPU.ActiveCfg = Release|Any CPU
		{EE3C98BE-E3B7-402B-AFA6-F88C36024A6E}.Release|Any CPU.Build.0 = Release|Any CPU
		{02BAD759-0BD3-47B4-B1C8-748004E1003C}.Debug|Any CPU.ActiveCfg = Debug|Any CPU
		{02BAD759-0BD3-47B4-B1C8-748004E1003C}.Debug|Any CPU.Build.0 = Debug|Any CPU
		{02BAD759-0BD3-47B4-B1C8-748004E1003C}.Release|Any CPU.ActiveCfg = Release|Any CPU
		{02BAD759-0BD3-47B4-B1C8-748004E1003C}.Release|Any CPU.Build.0 = Release|Any CPU
		{495DCD51-8592-489B-A17A-D2857AECA054}.Debug|Any CPU.ActiveCfg = Debug|Any CPU
		{495DCD51-8592-489B-A17A-D2857AECA054}.Debug|Any CPU.Build.0 = Debug|Any CPU
		{495DCD51-8592-489B-A17A-D2857AECA054}.Release|Any CPU.ActiveCfg = Release|Any CPU
		{495DCD51-8592-489B-A17A-D2857AECA054}.Release|Any CPU.Build.0 = Release|Any CPU
		{D96CAAA6-93F7-4463-8B01-AFB069A38CD1}.Debug|Any CPU.ActiveCfg = Debug|Any CPU
		{D96CAAA6-93F7-4463-8B01-AFB069A38CD1}.Debug|Any CPU.Build.0 = Debug|Any CPU
		{D96CAAA6-93F7-4463-8B01-AFB069A38CD1}.Release|Any CPU.ActiveCfg = Release|Any CPU
		{D96CAAA6-93F7-4463-8B01-AFB069A38CD1}.Release|Any CPU.Build.0 = Release|Any CPU
		{1D478448-BF36-4EF9-87A7-68EF99976EB8}.Debug|Any CPU.ActiveCfg = Debug|Any CPU
		{1D478448-BF36-4EF9-87A7-68EF99976EB8}.Debug|Any CPU.Build.0 = Debug|Any CPU
		{1D478448-BF36-4EF9-87A7-68EF99976EB8}.Release|Any CPU.ActiveCfg = Release|Any CPU
		{1D478448-BF36-4EF9-87A7-68EF99976EB8}.Release|Any CPU.Build.0 = Release|Any CPU
		{6411C1C1-79AE-44F7-829B-E9C71D0E6AC3}.Debug|Any CPU.ActiveCfg = Debug|Any CPU
		{6411C1C1-79AE-44F7-829B-E9C71D0E6AC3}.Debug|Any CPU.Build.0 = Debug|Any CPU
		{6411C1C1-79AE-44F7-829B-E9C71D0E6AC3}.Release|Any CPU.ActiveCfg = Release|Any CPU
		{6411C1C1-79AE-44F7-829B-E9C71D0E6AC3}.Release|Any CPU.Build.0 = Release|Any CPU
		{B0AB3BAA-8DF3-4CE5-B240-F7733A59CFDE}.Debug|Any CPU.ActiveCfg = Debug|Any CPU
		{B0AB3BAA-8DF3-4CE5-B240-F7733A59CFDE}.Debug|Any CPU.Build.0 = Debug|Any CPU
		{B0AB3BAA-8DF3-4CE5-B240-F7733A59CFDE}.Release|Any CPU.ActiveCfg = Release|Any CPU
		{B0AB3BAA-8DF3-4CE5-B240-F7733A59CFDE}.Release|Any CPU.Build.0 = Release|Any CPU
		{930B1BDA-4AA6-49D0-A1B4-A23273E5479C}.Debug|Any CPU.ActiveCfg = Debug|Any CPU
		{930B1BDA-4AA6-49D0-A1B4-A23273E5479C}.Debug|Any CPU.Build.0 = Debug|Any CPU
		{930B1BDA-4AA6-49D0-A1B4-A23273E5479C}.Release|Any CPU.ActiveCfg = Release|Any CPU
		{930B1BDA-4AA6-49D0-A1B4-A23273E5479C}.Release|Any CPU.Build.0 = Release|Any CPU
		{440438DA-D388-43BE-9EEC-02E033ED0B86}.Debug|Any CPU.ActiveCfg = Debug|Any CPU
		{440438DA-D388-43BE-9EEC-02E033ED0B86}.Debug|Any CPU.Build.0 = Debug|Any CPU
		{440438DA-D388-43BE-9EEC-02E033ED0B86}.Release|Any CPU.ActiveCfg = Release|Any CPU
		{440438DA-D388-43BE-9EEC-02E033ED0B86}.Release|Any CPU.Build.0 = Release|Any CPU
		{4CDA4C78-DB2E-4655-9B6C-A7A183C737F2}.Debug|Any CPU.ActiveCfg = Debug|Any CPU
		{4CDA4C78-DB2E-4655-9B6C-A7A183C737F2}.Debug|Any CPU.Build.0 = Debug|Any CPU
		{4CDA4C78-DB2E-4655-9B6C-A7A183C737F2}.Release|Any CPU.ActiveCfg = Release|Any CPU
		{4CDA4C78-DB2E-4655-9B6C-A7A183C737F2}.Release|Any CPU.Build.0 = Release|Any CPU
		{4CD4579F-EA94-4435-9801-868261F5A099}.Debug|Any CPU.ActiveCfg = Debug|Any CPU
		{4CD4579F-EA94-4435-9801-868261F5A099}.Debug|Any CPU.Build.0 = Debug|Any CPU
		{4CD4579F-EA94-4435-9801-868261F5A099}.Release|Any CPU.ActiveCfg = Release|Any CPU
		{4CD4579F-EA94-4435-9801-868261F5A099}.Release|Any CPU.Build.0 = Release|Any CPU
	EndGlobalSection
	GlobalSection(SolutionProperties) = preSolution
		HideSolutionNode = FALSE
	EndGlobalSection
	GlobalSection(NestedProjects) = preSolution
		{4C5DD2C6-4ECD-4812-8BF4-47924B747679} = {9FFE96D7-74CB-4B88-848A-9554DB46FE7B}
		{E586FD5E-453A-4372-A16D-2E743E67D6FA} = {9FFE96D7-74CB-4B88-848A-9554DB46FE7B}
		{46FA62C2-B174-4BF7-97B0-1EDC2580BEAB} = {A6E4902E-3267-4C35-8885-478E4D89794B}
		{090B045C-3818-421F-AF4F-467350274AF9} = {9B2A33E9-835E-4441-8E98-0FA5AECA06D7}
		{7C69C5FA-77F5-4BF1-A9A8-85BBDAAEAA3A} = {1DEF7D40-6624-4A02-A9A4-4EC2254B0654}
		{780F0F60-E3BF-4CAD-B093-BDDF3FF86C4F} = {1DEF7D40-6624-4A02-A9A4-4EC2254B0654}
		{1802D598-80DB-466C-97CD-235330ED5273} = {1DEF7D40-6624-4A02-A9A4-4EC2254B0654}
		{EE3C98BE-E3B7-402B-AFA6-F88C36024A6E} = {1DEF7D40-6624-4A02-A9A4-4EC2254B0654}
		{02BAD759-0BD3-47B4-B1C8-748004E1003C} = {1DEF7D40-6624-4A02-A9A4-4EC2254B0654}
		{495DCD51-8592-489B-A17A-D2857AECA054} = {7C69C5FA-77F5-4BF1-A9A8-85BBDAAEAA3A}
		{D96CAAA6-93F7-4463-8B01-AFB069A38CD1} = {7C69C5FA-77F5-4BF1-A9A8-85BBDAAEAA3A}
		{1D478448-BF36-4EF9-87A7-68EF99976EB8} = {7C69C5FA-77F5-4BF1-A9A8-85BBDAAEAA3A}
		{6411C1C1-79AE-44F7-829B-E9C71D0E6AC3} = {1DEF7D40-6624-4A02-A9A4-4EC2254B0654}
		{B0AB3BAA-8DF3-4CE5-B240-F7733A59CFDE} = {E5D3AFC4-83A0-4B82-946D-FFC6977AF72A}
		{930B1BDA-4AA6-49D0-A1B4-A23273E5479C} = {D09E644D-F4AF-41F7-B0CD-1E3325F64525}
		{440438DA-D388-43BE-9EEC-02E033ED0B86} = {7C69C5FA-77F5-4BF1-A9A8-85BBDAAEAA3A}
		{4CDA4C78-DB2E-4655-9B6C-A7A183C737F2} = {AB0903AB-F141-4952-B369-1F5F5852FF73}
		{4CD4579F-EA94-4435-9801-868261F5A099} = {A3BB66D6-AA56-46CE-BBAA-AC2ECF120F36}
	EndGlobalSection
	GlobalSection(ExtensibilityGlobals) = postSolution
		SolutionGuid = {5558B720-0FB9-413D-A2FA-8E28709025A0}
	EndGlobalSection
EndGlobal
